// !$*UTF8*$!
{
	archiveVersion = 1;
	classes = {
	};
	objectVersion = 48;
	objects = {

/* Begin PBXBuildFile section */
		D68B38301FC3C2850012FA6D /* AppDelegate.swift in Sources */ = {isa = PBXBuildFile; fileRef = D68B382F1FC3C2850012FA6D /* AppDelegate.swift */; };
		D68B38321FC3C2850012FA6D /* ViewController.swift in Sources */ = {isa = PBXBuildFile; fileRef = D68B38311FC3C2850012FA6D /* ViewController.swift */; };
		D68B38341FC3C2850012FA6D /* Assets.xcassets in Resources */ = {isa = PBXBuildFile; fileRef = D68B38331FC3C2850012FA6D /* Assets.xcassets */; };
		D68B38371FC3C2850012FA6D /* Main.storyboard in Resources */ = {isa = PBXBuildFile; fileRef = D68B38351FC3C2850012FA6D /* Main.storyboard */; };
/* End PBXBuildFile section */

/* Begin PBXFileReference section */
		D68B382C1FC3C2850012FA6D /* nstableheadercellbug.app */ = {isa = PBXFileReference; explicitFileType = wrapper.application; includeInIndex = 0; path = nstableheadercellbug.app; sourceTree = BUILT_PRODUCTS_DIR; };
		D68B382F1FC3C2850012FA6D /* AppDelegate.swift */ = {isa = PBXFileReference; lastKnownFileType = sourcecode.swift; path = AppDelegate.swift; sourceTree = "<group>"; };
		D68B38311FC3C2850012FA6D /* ViewController.swift */ = {isa = PBXFileReference; lastKnownFileType = sourcecode.swift; path = ViewController.swift; sourceTree = "<group>"; };
		D68B38331FC3C2850012FA6D /* Assets.xcassets */ = {isa = PBXFileReference; lastKnownFileType = folder.assetcatalog; path = Assets.xcassets; sourceTree = "<group>"; };
		D68B38361FC3C2850012FA6D /* Base */ = {isa = PBXFileReference; lastKnownFileType = file.storyboard; name = Base; path = Base.lproj/Main.storyboard; sourceTree = "<group>"; };
		D68B38381FC3C2850012FA6D /* Info.plist */ = {isa = PBXFileReference; lastKnownFileType = text.plist.xml; path = Info.plist; sourceTree = "<group>"; };
		D68B38391FC3C2850012FA6D /* nstableheadercellbug.entitlements */ = {isa = PBXFileReference; lastKnownFileType = text.plist.entitlements; path = nstableheadercellbug.entitlements; sourceTree = "<group>"; };
/* End PBXFileReference section */

/* Begin PBXFrameworksBuildPhase section */
		D68B38291FC3C2850012FA6D /* Frameworks */ = {
			isa = PBXFrameworksBuildPhase;
			buildActionMask = 2147483647;
			files = (
			);
			runOnlyForDeploymentPostprocessing = 0;
		};
/* End PBXFrameworksBuildPhase section */

/* Begin PBXGroup section */
		D68B38231FC3C2850012FA6D = {
			isa = PBXGroup;
			children = (
				D68B382E1FC3C2850012FA6D /* nstableheadercellbug */,
				D68B382D1FC3C2850012FA6D /* Products */,
			);
			sourceTree = "<group>";
		};
		D68B382D1FC3C2850012FA6D /* Products */ = {
			isa = PBXGroup;
			children = (
				D68B382C1FC3C2850012FA6D /* nstableheadercellbug.app */,
			);
			name = Products;
			sourceTree = "<group>";
		};
		D68B382E1FC3C2850012FA6D /* nstableheadercellbug */ = {
			isa = PBXGroup;
			children = (
				D68B382F1FC3C2850012FA6D /* AppDelegate.swift */,
				D68B38311FC3C2850012FA6D /* ViewController.swift */,
				D68B38331FC3C2850012FA6D /* Assets.xcassets */,
				D68B38351FC3C2850012FA6D /* Main.storyboard */,
				D68B38381FC3C2850012FA6D /* Info.plist */,
				D68B38391FC3C2850012FA6D /* nstableheadercellbug.entitlements */,
			);
			path = nstableheadercellbug;
			sourceTree = "<group>";
		};
/* End PBXGroup section */

/* Begin PBXNativeTarget section */
		D68B382B1FC3C2850012FA6D /* nstableheadercellbug */ = {
			isa = PBXNativeTarget;
			buildConfigurationList = D68B383C1FC3C2850012FA6D /* Build configuration list for PBXNativeTarget "nstableheadercellbug" */;
			buildPhases = (
				D68B38281FC3C2850012FA6D /* Sources */,
				D68B38291FC3C2850012FA6D /* Frameworks */,
				D68B382A1FC3C2850012FA6D /* Resources */,
			);
			buildRules = (
			);
			dependencies = (
			);
			name = nstableheadercellbug;
			productName = nstableheadercellbug;
			productReference = D68B382C1FC3C2850012FA6D /* nstableheadercellbug.app */;
			productType = "com.apple.product-type.application";
		};
/* End PBXNativeTarget section */

/* Begin PBXProject section */
		D68B38241FC3C2850012FA6D /* Project object */ = {
			isa = PBXProject;
			attributes = {
				LastSwiftUpdateCheck = 0910;
				LastUpgradeCheck = 0910;
				TargetAttributes = {
					D68B382B1FC3C2850012FA6D = {
						CreatedOnToolsVersion = 9.1;
						ProvisioningStyle = Automatic;
					};
				};
			};
			buildConfigurationList = D68B38271FC3C2850012FA6D /* Build configuration list for PBXProject "nstableheadercellbug" */;
			compatibilityVersion = "Xcode 8.0";
			developmentRegion = en;
			hasScannedForEncodings = 0;
			knownRegions = (
				en,
				Base,
			);
			mainGroup = D68B38231FC3C2850012FA6D;
			productRefGroup = D68B382D1FC3C2850012FA6D /* Products */;
			projectDirPath = "";
			projectRoot = "";
			targets = (
				D68B382B1FC3C2850012FA6D /* nstableheadercellbug */,
			);
		};
/* End PBXProject section */

/* Begin PBXResourcesBuildPhase section */
		D68B382A1FC3C2850012FA6D /* Resources */ = {
			isa = PBXResourcesBuildPhase;
			buildActionMask = 2147483647;
			files = (
				D68B38341FC3C2850012FA6D /* Assets.xcassets in Resources */,
				D68B38371FC3C2850012FA6D /* Main.storyboard in Resources */,
			);
			runOnlyForDeploymentPostprocessing = 0;
		};
/* End PBXResourcesBuildPhase section */

/* Begin PBXSourcesBuildPhase section */
		D68B38281FC3C2850012FA6D /* Sources */ = {
			isa = PBXSourcesBuildPhase;
			buildActionMask = 2147483647;
			files = (
				D68B38321FC3C2850012FA6D /* ViewController.swift in Sources */,
				D68B38301FC3C2850012FA6D /* AppDelegate.swift in Sources */,
			);
			runOnlyForDeploymentPostprocessing = 0;
		};
/* End PBXSourcesBuildPhase section */

/* Begin PBXVariantGroup section */
		D68B38351FC3C2850012FA6D /* Main.storyboard */ = {
			isa = PBXVariantGroup;
			children = (
				D68B38361FC3C2850012FA6D /* Base */,
			);
			name = Main.storyboard;
			sourceTree = "<group>";
		};
/* End PBXVariantGroup section */

/* Begin XCBuildConfiguration section */
		D68B383A1FC3C2850012FA6D /* Debug */ = {
			isa = XCBuildConfiguration;
			buildSettings = {
				ALWAYS_SEARCH_USER_PATHS = NO;
				CLANG_ANALYZER_NONNULL = YES;
				CLANG_ANALYZER_NUMBER_OBJECT_CONVERSION = YES_AGGRESSIVE;
				CLANG_CXX_LANGUAGE_STANDARD = "gnu++14";
				CLANG_CXX_LIBRARY = "libc++";
				CLANG_ENABLE_MODULES = YES;
				CLANG_ENABLE_OBJC_ARC = YES;
				CLANG_WARN_BLOCK_CAPTURE_AUTORELEASING = YES;
				CLANG_WARN_BOOL_CONVERSION = YES;
				CLANG_WARN_COMMA = YES;
				CLANG_WARN_CONSTANT_CONVERSION = YES;
				CLANG_WARN_DIRECT_OBJC_ISA_USAGE = YES_ERROR;
				CLANG_WARN_DOCUMENTATION_COMMENTS = YES;
				CLANG_WARN_EMPTY_BODY = YES;
				CLANG_WARN_ENUM_CONVERSION = YES;
				CLANG_WARN_INFINITE_RECURSION = YES;
				CLANG_WARN_INT_CONVERSION = YES;
				CLANG_WARN_NON_LITERAL_NULL_CONVERSION = YES;
				CLANG_WARN_OBJC_LITERAL_CONVERSION = YES;
				CLANG_WARN_OBJC_ROOT_CLASS = YES_ERROR;
				CLANG_WARN_RANGE_LOOP_ANALYSIS = YES;
				CLANG_WARN_STRICT_PROTOTYPES = YES;
				CLANG_WARN_SUSPICIOUS_MOVE = YES;
				CLANG_WARN_UNGUARDED_AVAILABILITY = YES_AGGRESSIVE;
				CLANG_WARN_UNREACHABLE_CODE = YES;
				CLANG_WARN__DUPLICATE_METHOD_MATCH = YES;
				CODE_SIGN_IDENTITY = "-";
				COPY_PHASE_STRIP = NO;
				DEBUG_INFORMATION_FORMAT = dwarf;
				ENABLE_STRICT_OBJC_MSGSEND = YES;
				ENABLE_TESTABILITY = YES;
				GCC_C_LANGUAGE_STANDARD = gnu11;
				GCC_DYNAMIC_NO_PIC = NO;
				GCC_NO_COMMON_BLOCKS = YES;
				GCC_OPTIMIZATION_LEVEL = 0;
				GCC_PREPROCESSOR_DEFINITIONS = (
					"DEBUG=1",
					"$(inherited)",
				);
				GCC_WARN_64_TO_32_BIT_CONVERSION = YES;
				GCC_WARN_ABOUT_RETURN_TYPE = YES_ERROR;
				GCC_WARN_UNDECLARED_SELECTOR = YES;
				GCC_WARN_UNINITIALIZED_AUTOS = YES_AGGRESSIVE;
				GCC_WARN_UNUSED_FUNCTION = YES;
				GCC_WARN_UNUSED_VARIABLE = YES;
				MACOSX_DEPLOYMENT_TARGET = 10.12;
				MTL_ENABLE_DEBUG_INFO = YES;
				ONLY_ACTIVE_ARCH = YES;
				SDKROOT = macosx;
				SWIFT_ACTIVE_COMPILATION_CONDITIONS = DEBUG;
				SWIFT_OPTIMIZATION_LEVEL = "-Onone";
			};
			name = Debug;
		};
		D68B383B1FC3C2850012FA6D /* Release */ = {
			isa = XCBuildConfiguration;
			buildSettings = {
				ALWAYS_SEARCH_USER_PATHS = NO;
				CLANG_ANALYZER_NONNULL = YES;
				CLANG_ANALYZER_NUMBER_OBJECT_CONVERSION = YES_AGGRESSIVE;
				CLANG_CXX_LANGUAGE_STANDARD = "gnu++14";
				CLANG_CXX_LIBRARY = "libc++";
				CLANG_ENABLE_MODULES = YES;
				CLANG_ENABLE_OBJC_ARC = YES;
				CLANG_WARN_BLOCK_CAPTURE_AUTORELEASING = YES;
				CLANG_WARN_BOOL_CONVERSION = YES;
				CLANG_WARN_COMMA = YES;
				CLANG_WARN_CONSTANT_CONVERSION = YES;
				CLANG_WARN_DIRECT_OBJC_ISA_USAGE = YES_ERROR;
				CLANG_WARN_DOCUMENTATION_COMMENTS = YES;
				CLANG_WARN_EMPTY_BODY = YES;
				CLANG_WARN_ENUM_CONVERSION = YES;
				CLANG_WARN_INFINITE_RECURSION = YES;
				CLANG_WARN_INT_CONVERSION = YES;
				CLANG_WARN_NON_LITERAL_NULL_CONVERSION = YES;
				CLANG_WARN_OBJC_LITERAL_CONVERSION = YES;
				CLANG_WARN_OBJC_ROOT_CLASS = YES_ERROR;
				CLANG_WARN_RANGE_LOOP_ANALYSIS = YES;
				CLANG_WARN_STRICT_PROTOTYPES = YES;
				CLANG_WARN_SUSPICIOUS_MOVE = YES;
				CLANG_WARN_UNGUARDED_AVAILABILITY = YES_AGGRESSIVE;
				CLANG_WARN_UNREACHABLE_CODE = YES;
				CLANG_WARN__DUPLICATE_METHOD_MATCH = YES;
				CODE_SIGN_IDENTITY = "-";
				COPY_PHASE_STRIP = NO;
				DEBUG_INFORMATION_FORMAT = "dwarf-with-dsym";
				ENABLE_NS_ASSERTIONS = NO;
				ENABLE_STRICT_OBJC_MSGSEND = YES;
				GCC_C_LANGUAGE_STANDARD = gnu11;
				GCC_NO_COMMON_BLOCKS = YES;
				GCC_WARN_64_TO_32_BIT_CONVERSION = YES;
				GCC_WARN_ABOUT_RETURN_TYPE = YES_ERROR;
				GCC_WARN_UNDECLARED_SELECTOR = YES;
				GCC_WARN_UNINITIALIZED_AUTOS = YES_AGGRESSIVE;
				GCC_WARN_UNUSED_FUNCTION = YES;
				GCC_WARN_UNUSED_VARIABLE = YES;
				MACOSX_DEPLOYMENT_TARGET = 10.12;
				MTL_ENABLE_DEBUG_INFO = NO;
				SDKROOT = macosx;
				SWIFT_OPTIMIZATION_LEVEL = "-Owholemodule";
			};
			name = Release;
		};
		D68B383D1FC3C2850012FA6D /* Debug */ = {
			isa = XCBuildConfiguration;
			buildSettings = {
				ASSETCATALOG_COMPILER_APPICON_NAME = AppIcon;
				CODE_SIGN_ENTITLEMENTS = nstableheadercellbug/nstableheadercellbug.entitlements;
				CODE_SIGN_STYLE = Automatic;
				COMBINE_HIDPI_IMAGES = YES;
				INFOPLIST_FILE = nstableheadercellbug/Info.plist;
				LD_RUNPATH_SEARCH_PATHS = "$(inherited) @executable_path/../Frameworks";
				PRODUCT_BUNDLE_IDENTIFIER = com.omochimetaru.nstableheadercellbug;
				PRODUCT_NAME = "$(TARGET_NAME)";
				SWIFT_VERSION = 4.0;
			};
			name = Debug;
		};
		D68B383E1FC3C2850012FA6D /* Release */ = {
			isa = XCBuildConfiguration;
			buildSettings = {
				ASSETCATALOG_COMPILER_APPICON_NAME = AppIcon;
				CODE_SIGN_ENTITLEMENTS = nstableheadercellbug/nstableheadercellbug.entitlements;
				CODE_SIGN_STYLE = Automatic;
				COMBINE_HIDPI_IMAGES = YES;
				INFOPLIST_FILE = nstableheadercellbug/Info.plist;
				LD_RUNPATH_SEARCH_PATHS = "$(inherited) @executable_path/../Frameworks";
				PRODUCT_BUNDLE_IDENTIFIER = com.omochimetaru.nstableheadercellbug;
				PRODUCT_NAME = "$(TARGET_NAME)";
				SWIFT_VERSION = 4.0;
			};
			name = Release;
		};
/* End XCBuildConfiguration section */

/* Begin XCConfigurationList section */
		D68B38271FC3C2850012FA6D /* Build configuration list for PBXProject "nstableheadercellbug" */ = {
			isa = XCConfigurationList;
			buildConfigurations = (
				D68B383A1FC3C2850012FA6D /* Debug */,
				D68B383B1FC3C2850012FA6D /* Release */,
			);
			defaultConfigurationIsVisible = 0;
			defaultConfigurationName = Release;
		};
		D68B383C1FC3C2850012FA6D /* Build configuration list for PBXNativeTarget "nstableheadercellbug" */ = {
			isa = XCConfigurationList;
			buildConfigurations = (
				D68B383D1FC3C2850012FA6D /* Debug */,
				D68B383E1FC3C2850012FA6D /* Release */,
			);
			defaultConfigurationIsVisible = 0;
			defaultConfigurationName = Release;
		};
/* End XCConfigurationList section */
	};
	rootObject = D68B38241FC3C2850012FA6D /* Project object */;
}
